
Microsoft Visual Studio Solution File, Format Version 12.00
# Visual Studio Version 16
VisualStudioVersion = 16.0.31727.386
MinimumVisualStudioVersion = 10.0.40219.1
Project("{9A19103F-16F7-4668-BE54-9A1E7A4F7556}") = "AaaS.Domain", "AaaS.Domain\AaaS.Domain.csproj", "{D5572A12-2920-4EB5-A250-79530C649D74}"
EndProject
Project("{FAE04EC0-301F-11D3-BF4B-00C04F79EFBC}") = "AaaS.Dal.Interface", "AaaS.Dal.Interface\AaaS.Dal.Interface.csproj", "{A64BEDEE-4E4C-4441-BC6C-7B98EF95B091}"
EndProject
Project("{FAE04EC0-301F-11D3-BF4B-00C04F79EFBC}") = "AaaS.Dal.Ado", "AaaS.Dal.Ado\AaaS.Dal.Ado.csproj", "{C6A4F23C-0FDB-42D0-AB42-125DC9A4EB2E}"
EndProject
Global
	GlobalSection(SolutionConfigurationPlatforms) = preSolution
		Debug|Any CPU = Debug|Any CPU
		Release|Any CPU = Release|Any CPU
	EndGlobalSection
	GlobalSection(ProjectConfigurationPlatforms) = postSolution
		{D5572A12-2920-4EB5-A250-79530C649D74}.Debug|Any CPU.ActiveCfg = Debug|Any CPU
		{D5572A12-2920-4EB5-A250-79530C649D74}.Debug|Any CPU.Build.0 = Debug|Any CPU
		{D5572A12-2920-4EB5-A250-79530C649D74}.Release|Any CPU.ActiveCfg = Release|Any CPU
		{D5572A12-2920-4EB5-A250-79530C649D74}.Release|Any CPU.Build.0 = Release|Any CPU
		{A64BEDEE-4E4C-4441-BC6C-7B98EF95B091}.Debug|Any CPU.ActiveCfg = Debug|Any CPU
		{A64BEDEE-4E4C-4441-BC6C-7B98EF95B091}.Debug|Any CPU.Build.0 = Debug|Any CPU
		{A64BEDEE-4E4C-4441-BC6C-7B98EF95B091}.Release|Any CPU.ActiveCfg = Release|Any CPU
		{A64BEDEE-4E4C-4441-BC6C-7B98EF95B091}.Release|Any CPU.Build.0 = Release|Any CPU
		{C6A4F23C-0FDB-42D0-AB42-125DC9A4EB2E}.Debug|Any CPU.ActiveCfg = Debug|Any CPU
		{C6A4F23C-0FDB-42D0-AB42-125DC9A4EB2E}.Debug|Any CPU.Build.0 = Debug|Any CPU
		{C6A4F23C-0FDB-42D0-AB42-125DC9A4EB2E}.Release|Any CPU.ActiveCfg = Release|Any CPU
		{C6A4F23C-0FDB-42D0-AB42-125DC9A4EB2E}.Release|Any CPU.Build.0 = Release|Any CPU
	EndGlobalSection
	GlobalSection(SolutionProperties) = preSolution
		HideSolutionNode = FALSE
	EndGlobalSection
	GlobalSection(ExtensibilityGlobals) = postSolution
		SolutionGuid = {EF3249B9-D126-4954-BAAE-4DF8CF379234}
	EndGlobalSection
EndGlobal
