
Microsoft Visual Studio Solution File, Format Version 12.00
# Visual Studio Version 16
VisualStudioVersion = 16.0.31727.386
MinimumVisualStudioVersion = 10.0.40219.1
Project("{9A19103F-16F7-4668-BE54-9A1E7A4F7556}") = "AaaS.Domain", "AaaS.Domain\AaaS.Domain.csproj", "{D5572A12-2920-4EB5-A250-79530C649D74}"
EndProject
Project("{9A19103F-16F7-4668-BE54-9A1E7A4F7556}") = "AaaS.Core", "AaaS.Core\AaaS.Core.csproj", "{EE6D8D44-9745-461F-A6F6-6F09D941CCAA}"
EndProject
Project("{9A19103F-16F7-4668-BE54-9A1E7A4F7556}") = "AaaS.Dal.Interface", "AaaS.Dal.Interface\AaaS.Dal.Interface.csproj", "{B28E3D40-6FF5-4497-AC12-BBEC12C19479}"
EndProject
Project("{9A19103F-16F7-4668-BE54-9A1E7A4F7556}") = "AaaS.Dal.Ado", "AaaS.Dal.Ado\AaaS.Dal.Ado.csproj", "{A679D701-FEAB-4D46-9034-E4EC5BA8D0FF}"
EndProject
Project("{9A19103F-16F7-4668-BE54-9A1E7A4F7556}") = "AaaS.Common", "AaaS.Common\AaaS.Common.csproj", "{160B4FF0-5467-4785-9B4F-E47C22F7CF99}"
EndProject
Project("{9A19103F-16F7-4668-BE54-9A1E7A4F7556}") = "AaaS.Dal.Tests", "AaaS.Dal.Tests\AaaS.Dal.Tests.csproj", "{C9479F2C-CA88-4C7C-BE8F-44ECD7BB236D}"
EndProject
Project("{9A19103F-16F7-4668-BE54-9A1E7A4F7556}") = "AaaS.SeederClient", "AaaS.SeederClient\AaaS.SeederClient.csproj", "{BE96FEA0-2EE4-43A8-A035-75FBD4786947}"
EndProject
Project("{9A19103F-16F7-4668-BE54-9A1E7A4F7556}") = "AaaS.Api", "AaaS.Api\AaaS.Api.csproj", "{B5DF2C29-D493-434A-BEF5-A3AE235EE017}"
EndProject
Project("{9A19103F-16F7-4668-BE54-9A1E7A4F7556}") = "AaaS.ClientSDK", "AaaS.ClientSDK\AaaS.ClientSDK.csproj", "{5218BD46-69EE-494F-A100-891126779CB7}"
EndProject
Project("{9A19103F-16F7-4668-BE54-9A1E7A4F7556}") = "AaaS.DemoClient", "AaaS.DemoClient\AaaS.DemoClient.csproj", "{1488E41A-5F81-4F4F-9CA0-14E994350C4E}"
EndProject
Project("{9A19103F-16F7-4668-BE54-9A1E7A4F7556}") = "AaaS.Core.Tests", "AaaS.Core.Tests\AaaS.Core.Tests.csproj", "{B4332F66-FACB-440B-9A12-C11C877599A0}"
EndProject
Project("{2150E333-8FDC-42A3-9474-1A3956D46DE8}") = "Tests", "Tests", "{DEB792FE-AA07-4FBF-82BC-9F5630B1B325}"
EndProject
Project("{2150E333-8FDC-42A3-9474-1A3956D46DE8}") = "Clients", "Clients", "{1035ED54-E27B-4328-98CE-F6E910D3385E}"
EndProject
Project("{2150E333-8FDC-42A3-9474-1A3956D46DE8}") = "Dal", "Dal", "{5052866E-25C2-4C2F-9D92-26E6A36CCD1A}"
EndProject
Global
	GlobalSection(SolutionConfigurationPlatforms) = preSolution
		Debug|Any CPU = Debug|Any CPU
		Release|Any CPU = Release|Any CPU
	EndGlobalSection
	GlobalSection(ProjectConfigurationPlatforms) = postSolution
		{D5572A12-2920-4EB5-A250-79530C649D74}.Debug|Any CPU.ActiveCfg = Debug|Any CPU
		{D5572A12-2920-4EB5-A250-79530C649D74}.Debug|Any CPU.Build.0 = Debug|Any CPU
		{D5572A12-2920-4EB5-A250-79530C649D74}.Release|Any CPU.ActiveCfg = Release|Any CPU
		{D5572A12-2920-4EB5-A250-79530C649D74}.Release|Any CPU.Build.0 = Release|Any CPU
		{EE6D8D44-9745-461F-A6F6-6F09D941CCAA}.Debug|Any CPU.ActiveCfg = Debug|Any CPU
		{EE6D8D44-9745-461F-A6F6-6F09D941CCAA}.Debug|Any CPU.Build.0 = Debug|Any CPU
		{EE6D8D44-9745-461F-A6F6-6F09D941CCAA}.Release|Any CPU.ActiveCfg = Release|Any CPU
		{EE6D8D44-9745-461F-A6F6-6F09D941CCAA}.Release|Any CPU.Build.0 = Release|Any CPU
		{B28E3D40-6FF5-4497-AC12-BBEC12C19479}.Debug|Any CPU.ActiveCfg = Debug|Any CPU
		{B28E3D40-6FF5-4497-AC12-BBEC12C19479}.Debug|Any CPU.Build.0 = Debug|Any CPU
		{B28E3D40-6FF5-4497-AC12-BBEC12C19479}.Release|Any CPU.ActiveCfg = Release|Any CPU
		{B28E3D40-6FF5-4497-AC12-BBEC12C19479}.Release|Any CPU.Build.0 = Release|Any CPU
		{A679D701-FEAB-4D46-9034-E4EC5BA8D0FF}.Debug|Any CPU.ActiveCfg = Debug|Any CPU
		{A679D701-FEAB-4D46-9034-E4EC5BA8D0FF}.Debug|Any CPU.Build.0 = Debug|Any CPU
		{A679D701-FEAB-4D46-9034-E4EC5BA8D0FF}.Release|Any CPU.ActiveCfg = Release|Any CPU
		{A679D701-FEAB-4D46-9034-E4EC5BA8D0FF}.Release|Any CPU.Build.0 = Release|Any CPU
		{160B4FF0-5467-4785-9B4F-E47C22F7CF99}.Debug|Any CPU.ActiveCfg = Debug|Any CPU
		{160B4FF0-5467-4785-9B4F-E47C22F7CF99}.Debug|Any CPU.Build.0 = Debug|Any CPU
		{160B4FF0-5467-4785-9B4F-E47C22F7CF99}.Release|Any CPU.ActiveCfg = Release|Any CPU
		{160B4FF0-5467-4785-9B4F-E47C22F7CF99}.Release|Any CPU.Build.0 = Release|Any CPU
		{C9479F2C-CA88-4C7C-BE8F-44ECD7BB236D}.Debug|Any CPU.ActiveCfg = Debug|Any CPU
		{C9479F2C-CA88-4C7C-BE8F-44ECD7BB236D}.Debug|Any CPU.Build.0 = Debug|Any CPU
		{C9479F2C-CA88-4C7C-BE8F-44ECD7BB236D}.Release|Any CPU.ActiveCfg = Release|Any CPU
		{C9479F2C-CA88-4C7C-BE8F-44ECD7BB236D}.Release|Any CPU.Build.0 = Release|Any CPU
		{BE96FEA0-2EE4-43A8-A035-75FBD4786947}.Debug|Any CPU.ActiveCfg = Debug|Any CPU
		{BE96FEA0-2EE4-43A8-A035-75FBD4786947}.Debug|Any CPU.Build.0 = Debug|Any CPU
		{BE96FEA0-2EE4-43A8-A035-75FBD4786947}.Release|Any CPU.ActiveCfg = Release|Any CPU
		{BE96FEA0-2EE4-43A8-A035-75FBD4786947}.Release|Any CPU.Build.0 = Release|Any CPU
		{B5DF2C29-D493-434A-BEF5-A3AE235EE017}.Debug|Any CPU.ActiveCfg = Debug|Any CPU
		{B5DF2C29-D493-434A-BEF5-A3AE235EE017}.Debug|Any CPU.Build.0 = Debug|Any CPU
		{B5DF2C29-D493-434A-BEF5-A3AE235EE017}.Release|Any CPU.ActiveCfg = Release|Any CPU
		{B5DF2C29-D493-434A-BEF5-A3AE235EE017}.Release|Any CPU.Build.0 = Release|Any CPU
		{5218BD46-69EE-494F-A100-891126779CB7}.Debug|Any CPU.ActiveCfg = Debug|Any CPU
		{5218BD46-69EE-494F-A100-891126779CB7}.Debug|Any CPU.Build.0 = Debug|Any CPU
		{5218BD46-69EE-494F-A100-891126779CB7}.Release|Any CPU.ActiveCfg = Release|Any CPU
		{5218BD46-69EE-494F-A100-891126779CB7}.Release|Any CPU.Build.0 = Release|Any CPU
		{1488E41A-5F81-4F4F-9CA0-14E994350C4E}.Debug|Any CPU.ActiveCfg = Debug|Any CPU
		{1488E41A-5F81-4F4F-9CA0-14E994350C4E}.Debug|Any CPU.Build.0 = Debug|Any CPU
		{1488E41A-5F81-4F4F-9CA0-14E994350C4E}.Release|Any CPU.ActiveCfg = Release|Any CPU
		{1488E41A-5F81-4F4F-9CA0-14E994350C4E}.Release|Any CPU.Build.0 = Release|Any CPU
		{B4332F66-FACB-440B-9A12-C11C877599A0}.Debug|Any CPU.ActiveCfg = Debug|Any CPU
		{B4332F66-FACB-440B-9A12-C11C877599A0}.Debug|Any CPU.Build.0 = Debug|Any CPU
		{B4332F66-FACB-440B-9A12-C11C877599A0}.Release|Any CPU.ActiveCfg = Release|Any CPU
		{B4332F66-FACB-440B-9A12-C11C877599A0}.Release|Any CPU.Build.0 = Release|Any CPU
	EndGlobalSection
	GlobalSection(SolutionProperties) = preSolution
		HideSolutionNode = FALSE
	EndGlobalSection
	GlobalSection(NestedProjects) = preSolution
		{B28E3D40-6FF5-4497-AC12-BBEC12C19479} = {5052866E-25C2-4C2F-9D92-26E6A36CCD1A}
		{A679D701-FEAB-4D46-9034-E4EC5BA8D0FF} = {5052866E-25C2-4C2F-9D92-26E6A36CCD1A}
		{C9479F2C-CA88-4C7C-BE8F-44ECD7BB236D} = {DEB792FE-AA07-4FBF-82BC-9F5630B1B325}
		{BE96FEA0-2EE4-43A8-A035-75FBD4786947} = {1035ED54-E27B-4328-98CE-F6E910D3385E}
		{5218BD46-69EE-494F-A100-891126779CB7} = {1035ED54-E27B-4328-98CE-F6E910D3385E}
		{1488E41A-5F81-4F4F-9CA0-14E994350C4E} = {1035ED54-E27B-4328-98CE-F6E910D3385E}
		{B4332F66-FACB-440B-9A12-C11C877599A0} = {DEB792FE-AA07-4FBF-82BC-9F5630B1B325}
	EndGlobalSection
	GlobalSection(ExtensibilityGlobals) = postSolution
		SolutionGuid = {EF3249B9-D126-4954-BAAE-4DF8CF379234}
	EndGlobalSection
EndGlobal
